
Microsoft Visual Studio Solution File, Format Version 12.00
# Visual Studio Version 17
VisualStudioVersion = 17.6.33815.320
MinimumVisualStudioVersion = 10.0.40219.1
Project("{FAE04EC0-301F-11D3-BF4B-00C04F79EFBC}") = "TSMonitor2", "TSMonitor2.csproj", "{ABBD76D5-8B6D-4B5C-BFE8-F38D8244B7BA}"
EndProject
Global
	GlobalSection(SolutionConfigurationPlatforms) = preSolution
		Debug|Any CPU = Debug|Any CPU
		Release|Any CPU = Release|Any CPU
	EndGlobalSection
	GlobalSection(ProjectConfigurationPlatforms) = postSolution
		{ABBD76D5-8B6D-4B5C-BFE8-F38D8244B7BA}.Debug|Any CPU.ActiveCfg = Debug|Any CPU
		{ABBD76D5-8B6D-4B5C-BFE8-F38D8244B7BA}.Debug|Any CPU.Build.0 = Debug|Any CPU
		{ABBD76D5-8B6D-4B5C-BFE8-F38D8244B7BA}.Release|Any CPU.ActiveCfg = Release|Any CPU
		{ABBD76D5-8B6D-4B5C-BFE8-F38D8244B7BA}.Release|Any CPU.Build.0 = Release|Any CPU
	EndGlobalSection
	GlobalSection(SolutionProperties) = preSolution
		HideSolutionNode = FALSE
	EndGlobalSection
	GlobalSection(ExtensibilityGlobals) = postSolution
		SolutionGuid = {6AB377BC-D691-459B-8F10-A9993A74E216}
	EndGlobalSection
EndGlobal
